
Microsoft Visual Studio Solution File, Format Version 12.00
# Visual Studio Version 17
VisualStudioVersion = 17.10.34916.146
MinimumVisualStudioVersion = 10.0.40219.1
Project("{FAE04EC0-301F-11D3-BF4B-00C04F79EFBC}") = "BeylinaWinApp", "BeylinaWinApp\BeylinaWinApp.csproj", "{8CBE8794-F26B-4940-BE0F-176F4D8F85C8}"
EndProject
Global
	GlobalSection(SolutionConfigurationPlatforms) = preSolution
		Debug|Any CPU = Debug|Any CPU
		Release|Any CPU = Release|Any CPU
	EndGlobalSection
	GlobalSection(ProjectConfigurationPlatforms) = postSolution
		{8CBE8794-F26B-4940-BE0F-176F4D8F85C8}.Debug|Any CPU.ActiveCfg = Debug|Any CPU
		{8CBE8794-F26B-4940-BE0F-176F4D8F85C8}.Debug|Any CPU.Build.0 = Debug|Any CPU
		{8CBE8794-F26B-4940-BE0F-176F4D8F85C8}.Release|Any CPU.ActiveCfg = Release|Any CPU
		{8CBE8794-F26B-4940-BE0F-176F4D8F85C8}.Release|Any CPU.Build.0 = Release|Any CPU
	EndGlobalSection
	GlobalSection(SolutionProperties) = preSolution
		HideSolutionNode = FALSE
	EndGlobalSection
	GlobalSection(ExtensibilityGlobals) = postSolution
		SolutionGuid = {3D1DD863-F4DD-42B7-9738-849E4D9A2D9C}
	EndGlobalSection
EndGlobal
